
Microsoft Visual Studio Solution File, Format Version 12.00
# Visual Studio 15
VisualStudioVersion = 15.0.28010.2036
MinimumVisualStudioVersion = 10.0.40219.1
Project("{FAE04EC0-301F-11D3-BF4B-00C04F79EFBC}") = "AlbumsReviewRESTApi", "AlbumsReviewRESTApi\AlbumsReviewRESTApi.csproj", "{F1161E7B-0656-4290-9749-D579B560F935}"
EndProject
Global
	GlobalSection(SolutionConfigurationPlatforms) = preSolution
		Debug|Any CPU = Debug|Any CPU
		Release|Any CPU = Release|Any CPU
	EndGlobalSection
	GlobalSection(ProjectConfigurationPlatforms) = postSolution
		{F1161E7B-0656-4290-9749-D579B560F935}.Debug|Any CPU.ActiveCfg = Debug|Any CPU
		{F1161E7B-0656-4290-9749-D579B560F935}.Debug|Any CPU.Build.0 = Debug|Any CPU
		{F1161E7B-0656-4290-9749-D579B560F935}.Release|Any CPU.ActiveCfg = Release|Any CPU
		{F1161E7B-0656-4290-9749-D579B560F935}.Release|Any CPU.Build.0 = Release|Any CPU
	EndGlobalSection
	GlobalSection(SolutionProperties) = preSolution
		HideSolutionNode = FALSE
	EndGlobalSection
	GlobalSection(ExtensibilityGlobals) = postSolution
		SolutionGuid = {564F134A-29B3-4DD7-9455-8910FA06A6BC}
	EndGlobalSection
EndGlobal
