
Microsoft Visual Studio Solution File, Format Version 12.00
# Visual Studio 15
VisualStudioVersion = 15.0.28010.2036
MinimumVisualStudioVersion = 10.0.40219.1
Project("{2150E333-8FDC-42A3-9474-1A3956D46DE8}") = "data", "data", "{7F85C7F4-EDF3-4F34-BED1-BD1F78A17E30}"
EndProject
Project("{2150E333-8FDC-42A3-9474-1A3956D46DE8}") = "services", "services", "{EAAC90B4-3FA2-42B1-AF66-8FA4BE15028D}"
EndProject
Project("{2150E333-8FDC-42A3-9474-1A3956D46DE8}") = "web", "web", "{105E2372-1CFA-481B-87C0-58F37E1C2EE1}"
EndProject
Project("{9A19103F-16F7-4668-BE54-9A1E7A4F7556}") = "AlbumsReviewRESTApi.Data", "data\AlbumsReviewRESTApi.Data\AlbumsReviewRESTApi.Data.csproj", "{E33FA6E9-BAD3-4462-AB65-4D18E7CD38E3}"
EndProject
Project("{9A19103F-16F7-4668-BE54-9A1E7A4F7556}") = "AlbumsReviewRESTApi.Data.Models", "data\AlbumsReviewRESTApi.Models\AlbumsReviewRESTApi.Data.Models.csproj", "{0EAD7E06-B232-47CF-81DD-B8333DA6E499}"
EndProject
Project("{9A19103F-16F7-4668-BE54-9A1E7A4F7556}") = "AlbumsReviewRESTApi.Services.Data", "services\AlbumsReviewRESTApi.Services.Data\AlbumsReviewRESTApi.Services.Data.csproj", "{7A7CD820-62B9-4189-96C2-A9C92BF19607}"
EndProject
Project("{9A19103F-16F7-4668-BE54-9A1E7A4F7556}") = "AlbumsReviewRESTApi.Services.Web", "services\AlbumsReviewRESTApi.Services.Web\AlbumsReviewRESTApi.Services.Web.csproj", "{A7049921-EDA3-490C-829A-824C36CFB904}"
EndProject
Project("{9A19103F-16F7-4668-BE54-9A1E7A4F7556}") = "AlbumsReviewRESTApi.Web", "web\AlbumsReviewRESTApi.web\AlbumsReviewRESTApi.Web.csproj", "{33C15621-8C00-4B8B-AAEE-E14680558A02}"
EndProject
Global
	GlobalSection(SolutionConfigurationPlatforms) = preSolution
		Debug|Any CPU = Debug|Any CPU
		Release|Any CPU = Release|Any CPU
	EndGlobalSection
	GlobalSection(ProjectConfigurationPlatforms) = postSolution
		{E33FA6E9-BAD3-4462-AB65-4D18E7CD38E3}.Debug|Any CPU.ActiveCfg = Debug|Any CPU
		{E33FA6E9-BAD3-4462-AB65-4D18E7CD38E3}.Debug|Any CPU.Build.0 = Debug|Any CPU
		{E33FA6E9-BAD3-4462-AB65-4D18E7CD38E3}.Release|Any CPU.ActiveCfg = Release|Any CPU
		{E33FA6E9-BAD3-4462-AB65-4D18E7CD38E3}.Release|Any CPU.Build.0 = Release|Any CPU
		{0EAD7E06-B232-47CF-81DD-B8333DA6E499}.Debug|Any CPU.ActiveCfg = Debug|Any CPU
		{0EAD7E06-B232-47CF-81DD-B8333DA6E499}.Debug|Any CPU.Build.0 = Debug|Any CPU
		{0EAD7E06-B232-47CF-81DD-B8333DA6E499}.Release|Any CPU.ActiveCfg = Release|Any CPU
		{0EAD7E06-B232-47CF-81DD-B8333DA6E499}.Release|Any CPU.Build.0 = Release|Any CPU
		{7A7CD820-62B9-4189-96C2-A9C92BF19607}.Debug|Any CPU.ActiveCfg = Debug|Any CPU
		{7A7CD820-62B9-4189-96C2-A9C92BF19607}.Debug|Any CPU.Build.0 = Debug|Any CPU
		{7A7CD820-62B9-4189-96C2-A9C92BF19607}.Release|Any CPU.ActiveCfg = Release|Any CPU
		{7A7CD820-62B9-4189-96C2-A9C92BF19607}.Release|Any CPU.Build.0 = Release|Any CPU
		{A7049921-EDA3-490C-829A-824C36CFB904}.Debug|Any CPU.ActiveCfg = Debug|Any CPU
		{A7049921-EDA3-490C-829A-824C36CFB904}.Debug|Any CPU.Build.0 = Debug|Any CPU
		{A7049921-EDA3-490C-829A-824C36CFB904}.Release|Any CPU.ActiveCfg = Release|Any CPU
		{A7049921-EDA3-490C-829A-824C36CFB904}.Release|Any CPU.Build.0 = Release|Any CPU
		{33C15621-8C00-4B8B-AAEE-E14680558A02}.Debug|Any CPU.ActiveCfg = Debug|Any CPU
		{33C15621-8C00-4B8B-AAEE-E14680558A02}.Debug|Any CPU.Build.0 = Debug|Any CPU
		{33C15621-8C00-4B8B-AAEE-E14680558A02}.Release|Any CPU.ActiveCfg = Release|Any CPU
		{33C15621-8C00-4B8B-AAEE-E14680558A02}.Release|Any CPU.Build.0 = Release|Any CPU
	EndGlobalSection
	GlobalSection(SolutionProperties) = preSolution
		HideSolutionNode = FALSE
	EndGlobalSection
	GlobalSection(NestedProjects) = preSolution
		{E33FA6E9-BAD3-4462-AB65-4D18E7CD38E3} = {7F85C7F4-EDF3-4F34-BED1-BD1F78A17E30}
		{0EAD7E06-B232-47CF-81DD-B8333DA6E499} = {7F85C7F4-EDF3-4F34-BED1-BD1F78A17E30}
		{7A7CD820-62B9-4189-96C2-A9C92BF19607} = {EAAC90B4-3FA2-42B1-AF66-8FA4BE15028D}
		{A7049921-EDA3-490C-829A-824C36CFB904} = {EAAC90B4-3FA2-42B1-AF66-8FA4BE15028D}
		{33C15621-8C00-4B8B-AAEE-E14680558A02} = {105E2372-1CFA-481B-87C0-58F37E1C2EE1}
	EndGlobalSection
	GlobalSection(ExtensibilityGlobals) = postSolution
		SolutionGuid = {564F134A-29B3-4DD7-9455-8910FA06A6BC}
	EndGlobalSection
EndGlobal
